// !$*UTF8*$!
{
	archiveVersion = 1;
	classes = {
	};
	objectVersion = 56;
	objects = {

/* Begin PBXBuildFile section */
		AC194DFE2A3A60A30064FDF9 /* AppDelegate.swift in Sources */ = {isa = PBXBuildFile; fileRef = AC194DFD2A3A60A30064FDF9 /* AppDelegate.swift */; };
		AC194E002A3A60A30064FDF9 /* SceneDelegate.swift in Sources */ = {isa = PBXBuildFile; fileRef = AC194DFF2A3A60A30064FDF9 /* SceneDelegate.swift */; };
		AC194E022A3A60A30064FDF9 /* FaceMaskViewController.swift in Sources */ = {isa = PBXBuildFile; fileRef = AC194E012A3A60A30064FDF9 /* FaceMaskViewController.swift */; };
		AC194E052A3A60A30064FDF9 /* Main.storyboard in Resources */ = {isa = PBXBuildFile; fileRef = AC194E032A3A60A30064FDF9 /* Main.storyboard */; };
		AC194E072A3A60A50064FDF9 /* Assets.xcassets in Resources */ = {isa = PBXBuildFile; fileRef = AC194E062A3A60A50064FDF9 /* Assets.xcassets */; };
		AC194E0A2A3A60A50064FDF9 /* LaunchScreen.storyboard in Resources */ = {isa = PBXBuildFile; fileRef = AC194E082A3A60A50064FDF9 /* LaunchScreen.storyboard */; };
		AC6E83562A45953C00B0EF50 /* ClubInfoViewController.swift in Sources */ = {isa = PBXBuildFile; fileRef = AC6E83552A45953C00B0EF50 /* ClubInfoViewController.swift */; };
		AC6E835A2A45B11300B0EF50 /* ClubInfoView.swift in Sources */ = {isa = PBXBuildFile; fileRef = AC6E83592A45B11300B0EF50 /* ClubInfoView.swift */; };
		AC70AFB52A48C77C00E1DC9E /* EnglishClub.swift in Sources */ = {isa = PBXBuildFile; fileRef = AC70AFB42A48C77C00E1DC9E /* EnglishClub.swift */; };
		AC70AFB82A48C85800E1DC9E /* TeamView.swift in Sources */ = {isa = PBXBuildFile; fileRef = AC70AFB72A48C85800E1DC9E /* TeamView.swift */; };
		AC70AFBA2A48CBEC00E1DC9E /* RunningCompetition.swift in Sources */ = {isa = PBXBuildFile; fileRef = AC70AFB92A48CBEC00E1DC9E /* RunningCompetition.swift */; };
		ACA006D02A443D710085810F /* DetectViewController.swift in Sources */ = {isa = PBXBuildFile; fileRef = ACA006CF2A443D710085810F /* DetectViewController.swift */; };
		ACA006D42A4443880085810F /* PL Club Logos.mlmodel in Sources */ = {isa = PBXBuildFile; fileRef = ACA006D32A4443880085810F /* PL Club Logos.mlmodel */; };
		ACE1385A2A42EFEB00710895 /* VirtualContent.swift in Sources */ = {isa = PBXBuildFile; fileRef = ACE138592A42EFEB00710895 /* VirtualContent.swift */; };
		ACE1385C2A42F03500710895 /* FaceMask.swift in Sources */ = {isa = PBXBuildFile; fileRef = ACE1385B2A42F03500710895 /* FaceMask.swift */; };
		ACF439C62A45F564006F75DD /* Extensions.swift in Sources */ = {isa = PBXBuildFile; fileRef = ACF439C52A45F564006F75DD /* Extensions.swift */; };
		ACF439C82A464D2B006F75DD /* FootballAPI.swift in Sources */ = {isa = PBXBuildFile; fileRef = ACF439C72A464D2B006F75DD /* FootballAPI.swift */; };
/* End PBXBuildFile section */

/* Begin PBXFileReference section */
		AC194DFA2A3A60A30064FDF9 /* Football AR.app */ = {isa = PBXFileReference; explicitFileType = wrapper.application; includeInIndex = 0; path = "Football AR.app"; sourceTree = BUILT_PRODUCTS_DIR; };
		AC194DFD2A3A60A30064FDF9 /* AppDelegate.swift */ = {isa = PBXFileReference; lastKnownFileType = sourcecode.swift; path = AppDelegate.swift; sourceTree = "<group>"; };
		AC194DFF2A3A60A30064FDF9 /* SceneDelegate.swift */ = {isa = PBXFileReference; lastKnownFileType = sourcecode.swift; path = SceneDelegate.swift; sourceTree = "<group>"; };
		AC194E012A3A60A30064FDF9 /* FaceMaskViewController.swift */ = {isa = PBXFileReference; lastKnownFileType = sourcecode.swift; path = FaceMaskViewController.swift; sourceTree = "<group>"; };
		AC194E042A3A60A30064FDF9 /* Base */ = {isa = PBXFileReference; lastKnownFileType = file.storyboard; name = Base; path = Base.lproj/Main.storyboard; sourceTree = "<group>"; };
		AC194E062A3A60A50064FDF9 /* Assets.xcassets */ = {isa = PBXFileReference; lastKnownFileType = folder.assetcatalog; path = Assets.xcassets; sourceTree = "<group>"; };
		AC194E092A3A60A50064FDF9 /* Base */ = {isa = PBXFileReference; lastKnownFileType = file.storyboard; name = Base; path = Base.lproj/LaunchScreen.storyboard; sourceTree = "<group>"; };
		AC194E0B2A3A60A50064FDF9 /* Info.plist */ = {isa = PBXFileReference; lastKnownFileType = text.plist.xml; path = Info.plist; sourceTree = "<group>"; };
		AC6E83552A45953C00B0EF50 /* ClubInfoViewController.swift */ = {isa = PBXFileReference; lastKnownFileType = sourcecode.swift; path = ClubInfoViewController.swift; sourceTree = "<group>"; };
		AC6E83592A45B11300B0EF50 /* ClubInfoView.swift */ = {isa = PBXFileReference; lastKnownFileType = sourcecode.swift; path = ClubInfoView.swift; sourceTree = "<group>"; };
		AC70AFB42A48C77C00E1DC9E /* EnglishClub.swift */ = {isa = PBXFileReference; lastKnownFileType = sourcecode.swift; path = EnglishClub.swift; sourceTree = "<group>"; };
		AC70AFB72A48C85800E1DC9E /* TeamView.swift */ = {isa = PBXFileReference; lastKnownFileType = sourcecode.swift; path = TeamView.swift; sourceTree = "<group>"; };
		AC70AFB92A48CBEC00E1DC9E /* RunningCompetition.swift */ = {isa = PBXFileReference; lastKnownFileType = sourcecode.swift; path = RunningCompetition.swift; sourceTree = "<group>"; };
		ACA006CF2A443D710085810F /* DetectViewController.swift */ = {isa = PBXFileReference; lastKnownFileType = sourcecode.swift; path = DetectViewController.swift; sourceTree = "<group>"; };
		ACA006D32A4443880085810F /* PL Club Logos.mlmodel */ = {isa = PBXFileReference; lastKnownFileType = file.mlmodel; path = "PL Club Logos.mlmodel"; sourceTree = "<group>"; };
		ACE138592A42EFEB00710895 /* VirtualContent.swift */ = {isa = PBXFileReference; lastKnownFileType = sourcecode.swift; path = VirtualContent.swift; sourceTree = "<group>"; };
		ACE1385B2A42F03500710895 /* FaceMask.swift */ = {isa = PBXFileReference; lastKnownFileType = sourcecode.swift; path = FaceMask.swift; sourceTree = "<group>"; };
		ACF439C52A45F564006F75DD /* Extensions.swift */ = {isa = PBXFileReference; lastKnownFileType = sourcecode.swift; path = Extensions.swift; sourceTree = "<group>"; };
		ACF439C72A464D2B006F75DD /* FootballAPI.swift */ = {isa = PBXFileReference; lastKnownFileType = sourcecode.swift; path = FootballAPI.swift; sourceTree = "<group>"; };
/* End PBXFileReference section */

/* Begin PBXFrameworksBuildPhase section */
		AC194DF72A3A60A30064FDF9 /* Frameworks */ = {
			isa = PBXFrameworksBuildPhase;
			buildActionMask = 2147483647;
			files = (
			);
			runOnlyForDeploymentPostprocessing = 0;
		};
/* End PBXFrameworksBuildPhase section */

/* Begin PBXGroup section */
		AC194DF12A3A60A30064FDF9 = {
			isa = PBXGroup;
			children = (
				AC194DFC2A3A60A30064FDF9 /* Football AR */,
				AC194DFB2A3A60A30064FDF9 /* Products */,
			);
			sourceTree = "<group>";
		};
		AC194DFB2A3A60A30064FDF9 /* Products */ = {
			isa = PBXGroup;
			children = (
				AC194DFA2A3A60A30064FDF9 /* Football AR.app */,
			);
			name = Products;
			sourceTree = "<group>";
		};
		AC194DFC2A3A60A30064FDF9 /* Football AR */ = {
			isa = PBXGroup;
			children = (
				AC194DFD2A3A60A30064FDF9 /* AppDelegate.swift */,
				AC194DFF2A3A60A30064FDF9 /* SceneDelegate.swift */,
				AC194E012A3A60A30064FDF9 /* FaceMaskViewController.swift */,
				AC6E83552A45953C00B0EF50 /* ClubInfoViewController.swift */,
				ACA006CF2A443D710085810F /* DetectViewController.swift */,
				ACA006D32A4443880085810F /* PL Club Logos.mlmodel */,
				AC194E032A3A60A30064FDF9 /* Main.storyboard */,
				AC194E082A3A60A50064FDF9 /* LaunchScreen.storyboard */,
				AC194E062A3A60A50064FDF9 /* Assets.xcassets */,
				AC194E0B2A3A60A50064FDF9 /* Info.plist */,
				ACF439C52A45F564006F75DD /* Extensions.swift */,
				ACE138582A42EFC600710895 /* FaceMasks */,
				AC70AFB62A48C82600E1DC9E /* SwiftUI Views */,
				AC70AFB32A48C73D00E1DC9E /* Data */,
			);
			path = "Football AR";
			sourceTree = "<group>";
		};
		AC70AFB32A48C73D00E1DC9E /* Data */ = {
			isa = PBXGroup;
			children = (
				ACF439C72A464D2B006F75DD /* FootballAPI.swift */,
				AC70AFB42A48C77C00E1DC9E /* EnglishClub.swift */,
			);
			path = Data;
			sourceTree = "<group>";
		};
		AC70AFB62A48C82600E1DC9E /* SwiftUI Views */ = {
			isa = PBXGroup;
			children = (
				AC6E83592A45B11300B0EF50 /* ClubInfoView.swift */,
				AC70AFB72A48C85800E1DC9E /* TeamView.swift */,
				AC70AFB92A48CBEC00E1DC9E /* RunningCompetition.swift */,
			);
			path = "SwiftUI Views";
			sourceTree = "<group>";
		};
		ACE138582A42EFC600710895 /* FaceMasks */ = {
			isa = PBXGroup;
			children = (
				ACE138592A42EFEB00710895 /* VirtualContent.swift */,
				ACE1385B2A42F03500710895 /* FaceMask.swift */,
			);
			path = FaceMasks;
			sourceTree = "<group>";
		};
/* End PBXGroup section */

/* Begin PBXNativeTarget section */
		AC194DF92A3A60A30064FDF9 /* Football AR */ = {
			isa = PBXNativeTarget;
			buildConfigurationList = AC194E0E2A3A60A50064FDF9 /* Build configuration list for PBXNativeTarget "Football AR" */;
			buildPhases = (
				AC194DF62A3A60A30064FDF9 /* Sources */,
				AC194DF72A3A60A30064FDF9 /* Frameworks */,
				AC194DF82A3A60A30064FDF9 /* Resources */,
			);
			buildRules = (
			);
			dependencies = (
			);
			name = "Football AR";
			productName = "Football AR";
			productReference = AC194DFA2A3A60A30064FDF9 /* Football AR.app */;
			productType = "com.apple.product-type.application";
		};
/* End PBXNativeTarget section */

/* Begin PBXProject section */
		AC194DF22A3A60A30064FDF9 /* Project object */ = {
			isa = PBXProject;
			attributes = {
				BuildIndependentTargetsInParallel = 1;
				LastSwiftUpdateCheck = 1430;
				LastUpgradeCheck = 1430;
				TargetAttributes = {
					AC194DF92A3A60A30064FDF9 = {
						CreatedOnToolsVersion = 14.3;
					};
				};
			};
			buildConfigurationList = AC194DF52A3A60A30064FDF9 /* Build configuration list for PBXProject "Football AR" */;
			compatibilityVersion = "Xcode 14.0";
			developmentRegion = en;
			hasScannedForEncodings = 0;
			knownRegions = (
				en,
				Base,
			);
			mainGroup = AC194DF12A3A60A30064FDF9;
			productRefGroup = AC194DFB2A3A60A30064FDF9 /* Products */;
			projectDirPath = "";
			projectRoot = "";
			targets = (
				AC194DF92A3A60A30064FDF9 /* Football AR */,
			);
		};
/* End PBXProject section */

/* Begin PBXResourcesBuildPhase section */
		AC194DF82A3A60A30064FDF9 /* Resources */ = {
			isa = PBXResourcesBuildPhase;
			buildActionMask = 2147483647;
			files = (
				AC194E0A2A3A60A50064FDF9 /* LaunchScreen.storyboard in Resources */,
				AC194E072A3A60A50064FDF9 /* Assets.xcassets in Resources */,
				AC194E052A3A60A30064FDF9 /* Main.storyboard in Resources */,
			);
			runOnlyForDeploymentPostprocessing = 0;
		};
/* End PBXResourcesBuildPhase section */

/* Begin PBXSourcesBuildPhase section */
		AC194DF62A3A60A30064FDF9 /* Sources */ = {
			isa = PBXSourcesBuildPhase;
			buildActionMask = 2147483647;
			files = (
				AC194E022A3A60A30064FDF9 /* FaceMaskViewController.swift in Sources */,
				AC70AFB82A48C85800E1DC9E /* TeamView.swift in Sources */,
				AC70AFB52A48C77C00E1DC9E /* EnglishClub.swift in Sources */,
				ACE1385A2A42EFEB00710895 /* VirtualContent.swift in Sources */,
				ACA006D02A443D710085810F /* DetectViewController.swift in Sources */,
				ACE1385C2A42F03500710895 /* FaceMask.swift in Sources */,
				AC194DFE2A3A60A30064FDF9 /* AppDelegate.swift in Sources */,
				AC6E835A2A45B11300B0EF50 /* ClubInfoView.swift in Sources */,
				ACF439C62A45F564006F75DD /* Extensions.swift in Sources */,
				ACF439C82A464D2B006F75DD /* FootballAPI.swift in Sources */,
				AC194E002A3A60A30064FDF9 /* SceneDelegate.swift in Sources */,
				ACA006D42A4443880085810F /* PL Club Logos.mlmodel in Sources */,
				AC6E83562A45953C00B0EF50 /* ClubInfoViewController.swift in Sources */,
				AC70AFBA2A48CBEC00E1DC9E /* RunningCompetition.swift in Sources */,
			);
			runOnlyForDeploymentPostprocessing = 0;
		};
/* End PBXSourcesBuildPhase section */

/* Begin PBXVariantGroup section */
		AC194E032A3A60A30064FDF9 /* Main.storyboard */ = {
			isa = PBXVariantGroup;
			children = (
				AC194E042A3A60A30064FDF9 /* Base */,
			);
			name = Main.storyboard;
			sourceTree = "<group>";
		};
		AC194E082A3A60A50064FDF9 /* LaunchScreen.storyboard */ = {
			isa = PBXVariantGroup;
			children = (
				AC194E092A3A60A50064FDF9 /* Base */,
			);
			name = LaunchScreen.storyboard;
			sourceTree = "<group>";
		};
/* End PBXVariantGroup section */

/* Begin XCBuildConfiguration section */
		AC194E0C2A3A60A50064FDF9 /* Debug */ = {
			isa = XCBuildConfiguration;
			buildSettings = {
				ALWAYS_SEARCH_USER_PATHS = NO;
				CLANG_ANALYZER_NONNULL = YES;
				CLANG_ANALYZER_NUMBER_OBJECT_CONVERSION = YES_AGGRESSIVE;
				CLANG_CXX_LANGUAGE_STANDARD = "gnu++20";
				CLANG_ENABLE_MODULES = YES;
				CLANG_ENABLE_OBJC_ARC = YES;
				CLANG_ENABLE_OBJC_WEAK = YES;
				CLANG_WARN_BLOCK_CAPTURE_AUTORELEASING = YES;
				CLANG_WARN_BOOL_CONVERSION = YES;
				CLANG_WARN_COMMA = YES;
				CLANG_WARN_CONSTANT_CONVERSION = YES;
				CLANG_WARN_DEPRECATED_OBJC_IMPLEMENTATIONS = YES;
				CLANG_WARN_DIRECT_OBJC_ISA_USAGE = YES_ERROR;
				CLANG_WARN_DOCUMENTATION_COMMENTS = YES;
				CLANG_WARN_EMPTY_BODY = YES;
				CLANG_WARN_ENUM_CONVERSION = YES;
				CLANG_WARN_INFINITE_RECURSION = YES;
				CLANG_WARN_INT_CONVERSION = YES;
				CLANG_WARN_NON_LITERAL_NULL_CONVERSION = YES;
				CLANG_WARN_OBJC_IMPLICIT_RETAIN_SELF = YES;
				CLANG_WARN_OBJC_LITERAL_CONVERSION = YES;
				CLANG_WARN_OBJC_ROOT_CLASS = YES_ERROR;
				CLANG_WARN_QUOTED_INCLUDE_IN_FRAMEWORK_HEADER = YES;
				CLANG_WARN_RANGE_LOOP_ANALYSIS = YES;
				CLANG_WARN_STRICT_PROTOTYPES = YES;
				CLANG_WARN_SUSPICIOUS_MOVE = YES;
				CLANG_WARN_UNGUARDED_AVAILABILITY = YES_AGGRESSIVE;
				CLANG_WARN_UNREACHABLE_CODE = YES;
				CLANG_WARN__DUPLICATE_METHOD_MATCH = YES;
				COPY_PHASE_STRIP = NO;
				DEBUG_INFORMATION_FORMAT = dwarf;
				ENABLE_STRICT_OBJC_MSGSEND = YES;
				ENABLE_TESTABILITY = YES;
				GCC_C_LANGUAGE_STANDARD = gnu11;
				GCC_DYNAMIC_NO_PIC = NO;
				GCC_NO_COMMON_BLOCKS = YES;
				GCC_OPTIMIZATION_LEVEL = 0;
				GCC_PREPROCESSOR_DEFINITIONS = (
					"DEBUG=1",
					"$(inherited)",
				);
				GCC_WARN_64_TO_32_BIT_CONVERSION = YES;
				GCC_WARN_ABOUT_RETURN_TYPE = YES_ERROR;
				GCC_WARN_UNDECLARED_SELECTOR = YES;
				GCC_WARN_UNINITIALIZED_AUTOS = YES_AGGRESSIVE;
				GCC_WARN_UNUSED_FUNCTION = YES;
				GCC_WARN_UNUSED_VARIABLE = YES;
				IPHONEOS_DEPLOYMENT_TARGET = 16.4;
				MTL_ENABLE_DEBUG_INFO = INCLUDE_SOURCE;
				MTL_FAST_MATH = YES;
				ONLY_ACTIVE_ARCH = YES;
				SDKROOT = iphoneos;
				SWIFT_ACTIVE_COMPILATION_CONDITIONS = DEBUG;
				SWIFT_OPTIMIZATION_LEVEL = "-Onone";
			};
			name = Debug;
		};
		AC194E0D2A3A60A50064FDF9 /* Release */ = {
			isa = XCBuildConfiguration;
			buildSettings = {
				ALWAYS_SEARCH_USER_PATHS = NO;
				CLANG_ANALYZER_NONNULL = YES;
				CLANG_ANALYZER_NUMBER_OBJECT_CONVERSION = YES_AGGRESSIVE;
				CLANG_CXX_LANGUAGE_STANDARD = "gnu++20";
				CLANG_ENABLE_MODULES = YES;
				CLANG_ENABLE_OBJC_ARC = YES;
				CLANG_ENABLE_OBJC_WEAK = YES;
				CLANG_WARN_BLOCK_CAPTURE_AUTORELEASING = YES;
				CLANG_WARN_BOOL_CONVERSION = YES;
				CLANG_WARN_COMMA = YES;
				CLANG_WARN_CONSTANT_CONVERSION = YES;
				CLANG_WARN_DEPRECATED_OBJC_IMPLEMENTATIONS = YES;
				CLANG_WARN_DIRECT_OBJC_ISA_USAGE = YES_ERROR;
				CLANG_WARN_DOCUMENTATION_COMMENTS = YES;
				CLANG_WARN_EMPTY_BODY = YES;
				CLANG_WARN_ENUM_CONVERSION = YES;
				CLANG_WARN_INFINITE_RECURSION = YES;
				CLANG_WARN_INT_CONVERSION = YES;
				CLANG_WARN_NON_LITERAL_NULL_CONVERSION = YES;
				CLANG_WARN_OBJC_IMPLICIT_RETAIN_SELF = YES;
				CLANG_WARN_OBJC_LITERAL_CONVERSION = YES;
				CLANG_WARN_OBJC_ROOT_CLASS = YES_ERROR;
				CLANG_WARN_QUOTED_INCLUDE_IN_FRAMEWORK_HEADER = YES;
				CLANG_WARN_RANGE_LOOP_ANALYSIS = YES;
				CLANG_WARN_STRICT_PROTOTYPES = YES;
				CLANG_WARN_SUSPICIOUS_MOVE = YES;
				CLANG_WARN_UNGUARDED_AVAILABILITY = YES_AGGRESSIVE;
				CLANG_WARN_UNREACHABLE_CODE = YES;
				CLANG_WARN__DUPLICATE_METHOD_MATCH = YES;
				COPY_PHASE_STRIP = NO;
				DEBUG_INFORMATION_FORMAT = "dwarf-with-dsym";
				ENABLE_NS_ASSERTIONS = NO;
				ENABLE_STRICT_OBJC_MSGSEND = YES;
				GCC_C_LANGUAGE_STANDARD = gnu11;
				GCC_NO_COMMON_BLOCKS = YES;
				GCC_WARN_64_TO_32_BIT_CONVERSION = YES;
				GCC_WARN_ABOUT_RETURN_TYPE = YES_ERROR;
				GCC_WARN_UNDECLARED_SELECTOR = YES;
				GCC_WARN_UNINITIALIZED_AUTOS = YES_AGGRESSIVE;
				GCC_WARN_UNUSED_FUNCTION = YES;
				GCC_WARN_UNUSED_VARIABLE = YES;
				IPHONEOS_DEPLOYMENT_TARGET = 16.4;
				MTL_ENABLE_DEBUG_INFO = NO;
				MTL_FAST_MATH = YES;
				SDKROOT = iphoneos;
				SWIFT_COMPILATION_MODE = wholemodule;
				SWIFT_OPTIMIZATION_LEVEL = "-O";
				VALIDATE_PRODUCT = YES;
			};
			name = Release;
		};
		AC194E0F2A3A60A50064FDF9 /* Debug */ = {
			isa = XCBuildConfiguration;
			buildSettings = {
				ASSETCATALOG_COMPILER_APPICON_NAME = AppIcon;
				ASSETCATALOG_COMPILER_GLOBAL_ACCENT_COLOR_NAME = AccentColor;
				CODE_SIGN_STYLE = Automatic;
				CURRENT_PROJECT_VERSION = 1;
				DEVELOPMENT_TEAM = VNU8KKW4GG;
				GENERATE_INFOPLIST_FILE = NO;
				INFOPLIST_FILE = "Football AR/Info.plist";
				INFOPLIST_KEY_UIApplicationSupportsIndirectInputEvents = YES;
				INFOPLIST_KEY_UILaunchStoryboardName = LaunchScreen;
				INFOPLIST_KEY_UIMainStoryboardFile = Main;
				INFOPLIST_KEY_UISupportedInterfaceOrientations = UIInterfaceOrientationPortrait;
				INFOPLIST_KEY_UISupportedInterfaceOrientations_iPad = "UIInterfaceOrientationLandscapeLeft UIInterfaceOrientationLandscapeRight UIInterfaceOrientationPortrait UIInterfaceOrientationPortraitUpsideDown";
				IPHONEOS_DEPLOYMENT_TARGET = 16.3;
				LD_RUNPATH_SEARCH_PATHS = (
					"$(inherited)",
					"@executable_path/Frameworks",
				);
				MARKETING_VERSION = 1.0;
				PRODUCT_BUNDLE_IDENTIFIER = "ua.edu.ukma.Football-AR";
				PRODUCT_NAME = "$(TARGET_NAME)";
				SUPPORTED_PLATFORMS = "iphoneos iphonesimulator";
				SUPPORTS_MACCATALYST = NO;
				SUPPORTS_MAC_DESIGNED_FOR_IPHONE_IPAD = NO;
				SWIFT_EMIT_LOC_STRINGS = YES;
				SWIFT_VERSION = 5.0;
				TARGETED_DEVICE_FAMILY = 1;
			};
			name = Debug;
		};
		AC194E102A3A60A50064FDF9 /* Release */ = {
			isa = XCBuildConfiguration;
			buildSettings = {
				ASSETCATALOG_COMPILER_APPICON_NAME = AppIcon;
				ASSETCATALOG_COMPILER_GLOBAL_ACCENT_COLOR_NAME = AccentColor;
				CODE_SIGN_STYLE = Automatic;
				CURRENT_PROJECT_VERSION = 1;
				DEVELOPMENT_TEAM = VNU8KKW4GG;
				GENERATE_INFOPLIST_FILE = NO;
				INFOPLIST_FILE = "Football AR/Info.plist";
				INFOPLIST_KEY_UIApplicationSupportsIndirectInputEvents = YES;
				INFOPLIST_KEY_UILaunchStoryboardName = LaunchScreen;
				INFOPLIST_KEY_UIMainStoryboardFile = Main;
				INFOPLIST_KEY_UISupportedInterfaceOrientations = UIInterfaceOrientationPortrait;
				INFOPLIST_KEY_UISupportedInterfaceOrientations_iPad = "UIInterfaceOrientationLandscapeLeft UIInterfaceOrientationLandscapeRight UIInterfaceOrientationPortrait UIInterfaceOrientationPortraitUpsideDown";
				IPHONEOS_DEPLOYMENT_TARGET = 16.3;
				LD_RUNPATH_SEARCH_PATHS = (
					"$(inherited)",
					"@executable_path/Frameworks",
				);
				MARKETING_VERSION = 1.0;
				PRODUCT_BUNDLE_IDENTIFIER = "ua.edu.ukma.Football-AR";
				PRODUCT_NAME = "$(TARGET_NAME)";
				SUPPORTED_PLATFORMS = "iphoneos iphonesimulator";
				SUPPORTS_MACCATALYST = NO;
				SUPPORTS_MAC_DESIGNED_FOR_IPHONE_IPAD = NO;
				SWIFT_EMIT_LOC_STRINGS = YES;
				SWIFT_VERSION = 5.0;
				TARGETED_DEVICE_FAMILY = 1;
			};
			name = Release;
		};
/* End XCBuildConfiguration section */

/* Begin XCConfigurationList section */
		AC194DF52A3A60A30064FDF9 /* Build configuration list for PBXProject "Football AR" */ = {
			isa = XCConfigurationList;
			buildConfigurations = (
				AC194E0C2A3A60A50064FDF9 /* Debug */,
				AC194E0D2A3A60A50064FDF9 /* Release */,
			);
			defaultConfigurationIsVisible = 0;
			defaultConfigurationName = Release;
		};
		AC194E0E2A3A60A50064FDF9 /* Build configuration list for PBXNativeTarget "Football AR" */ = {
			isa = XCConfigurationList;
			buildConfigurations = (
				AC194E0F2A3A60A50064FDF9 /* Debug */,
				AC194E102A3A60A50064FDF9 /* Release */,
			);
			defaultConfigurationIsVisible = 0;
			defaultConfigurationName = Release;
		};
/* End XCConfigurationList section */
	};
	rootObject = AC194DF22A3A60A30064FDF9 /* Project object */;
}
